{
  "originHash" : "1bfbd1a8077463ba8ab847a5d24583904fbe7e6360a72577f07ade5b522b54a0",
  "pins" : [
    {
      "identity" : "chatgptconnect",
      "kind" : "remoteSourceControl",
      "location" : "https://github.com/kodlabs-in/ChatGPTConnect.git",
      "state" : {
        "revision" : "183f7eea0481d303fd712d743e45311f1203e7fa",
        "version" : "0.1.0-alpha.1"
      }
    }
  ],
  "version" : 3
}
